
Microsoft Visual Studio Solution File, Format Version 12.00
# Visual Studio Version 16
VisualStudioVersion = 16.0.31205.134
MinimumVisualStudioVersion = 10.0.40219.1
Project("{9A19103F-16F7-4668-BE54-9A1E7A4F7556}") = "ClassTestApp", "ClassTestApp\ClassTestApp.csproj", "{0F0F6B2A-2A14-47B7-927F-C5AC3A69FC93}"
EndProject
Project("{9A19103F-16F7-4668-BE54-9A1E7A4F7556}") = "InterfaceTestApp", "InterfaceTestApp\InterfaceTestApp.csproj", "{9622D322-CC82-449A-BF8A-E94E7FB68D0D}"
EndProject
Project("{9A19103F-16F7-4668-BE54-9A1E7A4F7556}") = "UsingInterfaceTestApp", "UsingInterfaceTestApp\UsingInterfaceTestApp.csproj", "{2274CDF9-B58A-4553-AC92-1CB84DE14392}"
EndProject
Project("{9A19103F-16F7-4668-BE54-9A1E7A4F7556}") = "AbstractClassTestApp", "MainApp1\AbstractClassTestApp.csproj", "{27F60C8F-DE52-4F6D-BCF9-3EE23A25B813}"
EndProject
Project("{9A19103F-16F7-4668-BE54-9A1E7A4F7556}") = "PropertyTestApp", "PropertyTestApp\PropertyTestApp.csproj", "{34E72ECD-6F21-4B33-92E1-16096AF1DCF0}"
EndProject
Project("{9A19103F-16F7-4668-BE54-9A1E7A4F7556}") = "AttayTestApp", "AttayTestApp\AttayTestApp.csproj", "{6D9DA6E0-DDFE-419C-A47B-30FA1232EF6E}"
EndProject
Project("{9A19103F-16F7-4668-BE54-9A1E7A4F7556}") = "ArrayClassTestApp", "ArrayClassTestApp\ArrayClassTestApp.csproj", "{E641B64C-187C-4B66-B284-62AC59087035}"
EndProject
Project("{9A19103F-16F7-4668-BE54-9A1E7A4F7556}") = "CollectionTestApp", "CollectionTestApp\CollectionTestApp.csproj", "{C4E0F262-1103-431F-8252-86BCBFFA8E94}"
EndProject
Project("{9A19103F-16F7-4668-BE54-9A1E7A4F7556}") = "QueueTestApp", "QueueTestApp\QueueTestApp.csproj", "{84A8D024-53E2-49CB-A1C7-AF587B69A9D1}"
EndProject
Project("{9A19103F-16F7-4668-BE54-9A1E7A4F7556}") = "IndexerTestApp", "IndexerTestApp\IndexerTestApp.csproj", "{B949009A-6813-45E6-9DC7-AF5D884CEEEF}"
EndProject
Project("{FAE04EC0-301F-11D3-BF4B-00C04F79EFBC}") = "GeneralizationTestApp", "GeneralizationTestApp\GeneralizationTestApp.csproj", "{8CA0B38A-1B2A-4AFF-932A-A4741477E4FE}"
EndProject
Project("{FAE04EC0-301F-11D3-BF4B-00C04F79EFBC}") = "GenericTestApp2", "GenericTestApp2\GenericTestApp2.csproj", "{7B4E9BEA-B781-435B-918A-594939C47A8B}"
EndProject
Project("{FAE04EC0-301F-11D3-BF4B-00C04F79EFBC}") = "GenericMyListApp", "GenericMyListApp\GenericMyListApp.csproj", "{31B61036-2124-49EA-B9AD-114695D7E09F}"
EndProject
Project("{FAE04EC0-301F-11D3-BF4B-00C04F79EFBC}") = "GenericCollectionApp", "GenericCollectionApp\GenericCollectionApp.csproj", "{282239D3-B525-4633-8A75-02AF373E7BA5}"
EndProject
Project("{FAE04EC0-301F-11D3-BF4B-00C04F79EFBC}") = "ExecptionTestApp", "ExecptionTestApp\ExecptionTestApp.csproj", "{AF16F645-4FAA-482C-A1F3-E91F2CAC469B}"
EndProject
Project("{FAE04EC0-301F-11D3-BF4B-00C04F79EFBC}") = "DelegaateTestApp", "DelegaateTestApp\DelegaateTestApp.csproj", "{94F681BB-D01F-4AF5-AF3A-9350D9144397}"
EndProject
Project("{FAE04EC0-301F-11D3-BF4B-00C04F79EFBC}") = "DelegateChainApp", "DelegateChainApp\DelegateChainApp.csproj", "{61382156-B9E9-449B-A466-94D20E83BF33}"
EndProject
Project("{FAE04EC0-301F-11D3-BF4B-00C04F79EFBC}") = "EventHandlerTestApp", "EventHandlerTestApp\EventHandlerTestApp.csproj", "{8300C5B8-9A6B-4A3A-BA4A-C1E78CF3B0BE}"
EndProject
Project("{FAE04EC0-301F-11D3-BF4B-00C04F79EFBC}") = "WinFormsApp1", "WinFormsApp1\WinFormsApp1.csproj", "{67F0852E-65F6-4F4B-A172-C18986505FD0}"
EndProject
Global
	GlobalSection(SolutionConfigurationPlatforms) = preSolution
		Debug|Any CPU = Debug|Any CPU
		Release|Any CPU = Release|Any CPU
	EndGlobalSection
	GlobalSection(ProjectConfigurationPlatforms) = postSolution
		{0F0F6B2A-2A14-47B7-927F-C5AC3A69FC93}.Debug|Any CPU.ActiveCfg = Debug|Any CPU
		{0F0F6B2A-2A14-47B7-927F-C5AC3A69FC93}.Debug|Any CPU.Build.0 = Debug|Any CPU
		{0F0F6B2A-2A14-47B7-927F-C5AC3A69FC93}.Release|Any CPU.ActiveCfg = Release|Any CPU
		{0F0F6B2A-2A14-47B7-927F-C5AC3A69FC93}.Release|Any CPU.Build.0 = Release|Any CPU
		{9622D322-CC82-449A-BF8A-E94E7FB68D0D}.Debug|Any CPU.ActiveCfg = Debug|Any CPU
		{9622D322-CC82-449A-BF8A-E94E7FB68D0D}.Debug|Any CPU.Build.0 = Debug|Any CPU
		{9622D322-CC82-449A-BF8A-E94E7FB68D0D}.Release|Any CPU.ActiveCfg = Release|Any CPU
		{9622D322-CC82-449A-BF8A-E94E7FB68D0D}.Release|Any CPU.Build.0 = Release|Any CPU
		{2274CDF9-B58A-4553-AC92-1CB84DE14392}.Debug|Any CPU.ActiveCfg = Debug|Any CPU
		{2274CDF9-B58A-4553-AC92-1CB84DE14392}.Debug|Any CPU.Build.0 = Debug|Any CPU
		{2274CDF9-B58A-4553-AC92-1CB84DE14392}.Release|Any CPU.ActiveCfg = Release|Any CPU
		{2274CDF9-B58A-4553-AC92-1CB84DE14392}.Release|Any CPU.Build.0 = Release|Any CPU
		{27F60C8F-DE52-4F6D-BCF9-3EE23A25B813}.Debug|Any CPU.ActiveCfg = Debug|Any CPU
		{27F60C8F-DE52-4F6D-BCF9-3EE23A25B813}.Debug|Any CPU.Build.0 = Debug|Any CPU
		{27F60C8F-DE52-4F6D-BCF9-3EE23A25B813}.Release|Any CPU.ActiveCfg = Release|Any CPU
		{27F60C8F-DE52-4F6D-BCF9-3EE23A25B813}.Release|Any CPU.Build.0 = Release|Any CPU
		{34E72ECD-6F21-4B33-92E1-16096AF1DCF0}.Debug|Any CPU.ActiveCfg = Debug|Any CPU
		{34E72ECD-6F21-4B33-92E1-16096AF1DCF0}.Debug|Any CPU.Build.0 = Debug|Any CPU
		{34E72ECD-6F21-4B33-92E1-16096AF1DCF0}.Release|Any CPU.ActiveCfg = Release|Any CPU
		{34E72ECD-6F21-4B33-92E1-16096AF1DCF0}.Release|Any CPU.Build.0 = Release|Any CPU
		{6D9DA6E0-DDFE-419C-A47B-30FA1232EF6E}.Debug|Any CPU.ActiveCfg = Debug|Any CPU
		{6D9DA6E0-DDFE-419C-A47B-30FA1232EF6E}.Debug|Any CPU.Build.0 = Debug|Any CPU
		{6D9DA6E0-DDFE-419C-A47B-30FA1232EF6E}.Release|Any CPU.ActiveCfg = Release|Any CPU
		{6D9DA6E0-DDFE-419C-A47B-30FA1232EF6E}.Release|Any CPU.Build.0 = Release|Any CPU
		{E641B64C-187C-4B66-B284-62AC59087035}.Debug|Any CPU.ActiveCfg = Debug|Any CPU
		{E641B64C-187C-4B66-B284-62AC59087035}.Debug|Any CPU.Build.0 = Debug|Any CPU
		{E641B64C-187C-4B66-B284-62AC59087035}.Release|Any CPU.ActiveCfg = Release|Any CPU
		{E641B64C-187C-4B66-B284-62AC59087035}.Release|Any CPU.Build.0 = Release|Any CPU
		{C4E0F262-1103-431F-8252-86BCBFFA8E94}.Debug|Any CPU.ActiveCfg = Debug|Any CPU
		{C4E0F262-1103-431F-8252-86BCBFFA8E94}.Debug|Any CPU.Build.0 = Debug|Any CPU
		{C4E0F262-1103-431F-8252-86BCBFFA8E94}.Release|Any CPU.ActiveCfg = Release|Any CPU
		{C4E0F262-1103-431F-8252-86BCBFFA8E94}.Release|Any CPU.Build.0 = Release|Any CPU
		{84A8D024-53E2-49CB-A1C7-AF587B69A9D1}.Debug|Any CPU.ActiveCfg = Debug|Any CPU
		{84A8D024-53E2-49CB-A1C7-AF587B69A9D1}.Debug|Any CPU.Build.0 = Debug|Any CPU
		{84A8D024-53E2-49CB-A1C7-AF587B69A9D1}.Release|Any CPU.ActiveCfg = Release|Any CPU
		{84A8D024-53E2-49CB-A1C7-AF587B69A9D1}.Release|Any CPU.Build.0 = Release|Any CPU
		{B949009A-6813-45E6-9DC7-AF5D884CEEEF}.Debug|Any CPU.ActiveCfg = Debug|Any CPU
		{B949009A-6813-45E6-9DC7-AF5D884CEEEF}.Debug|Any CPU.Build.0 = Debug|Any CPU
		{B949009A-6813-45E6-9DC7-AF5D884CEEEF}.Release|Any CPU.ActiveCfg = Release|Any CPU
		{B949009A-6813-45E6-9DC7-AF5D884CEEEF}.Release|Any CPU.Build.0 = Release|Any CPU
		{8CA0B38A-1B2A-4AFF-932A-A4741477E4FE}.Debug|Any CPU.ActiveCfg = Debug|Any CPU
		{8CA0B38A-1B2A-4AFF-932A-A4741477E4FE}.Debug|Any CPU.Build.0 = Debug|Any CPU
		{8CA0B38A-1B2A-4AFF-932A-A4741477E4FE}.Release|Any CPU.ActiveCfg = Release|Any CPU
		{8CA0B38A-1B2A-4AFF-932A-A4741477E4FE}.Release|Any CPU.Build.0 = Release|Any CPU
		{7B4E9BEA-B781-435B-918A-594939C47A8B}.Debug|Any CPU.ActiveCfg = Debug|Any CPU
		{7B4E9BEA-B781-435B-918A-594939C47A8B}.Debug|Any CPU.Build.0 = Debug|Any CPU
		{7B4E9BEA-B781-435B-918A-594939C47A8B}.Release|Any CPU.ActiveCfg = Release|Any CPU
		{7B4E9BEA-B781-435B-918A-594939C47A8B}.Release|Any CPU.Build.0 = Release|Any CPU
		{31B61036-2124-49EA-B9AD-114695D7E09F}.Debug|Any CPU.ActiveCfg = Debug|Any CPU
		{31B61036-2124-49EA-B9AD-114695D7E09F}.Debug|Any CPU.Build.0 = Debug|Any CPU
		{31B61036-2124-49EA-B9AD-114695D7E09F}.Release|Any CPU.ActiveCfg = Release|Any CPU
		{31B61036-2124-49EA-B9AD-114695D7E09F}.Release|Any CPU.Build.0 = Release|Any CPU
		{282239D3-B525-4633-8A75-02AF373E7BA5}.Debug|Any CPU.ActiveCfg = Debug|Any CPU
		{282239D3-B525-4633-8A75-02AF373E7BA5}.Debug|Any CPU.Build.0 = Debug|Any CPU
		{282239D3-B525-4633-8A75-02AF373E7BA5}.Release|Any CPU.ActiveCfg = Release|Any CPU
		{282239D3-B525-4633-8A75-02AF373E7BA5}.Release|Any CPU.Build.0 = Release|Any CPU
		{AF16F645-4FAA-482C-A1F3-E91F2CAC469B}.Debug|Any CPU.ActiveCfg = Debug|Any CPU
		{AF16F645-4FAA-482C-A1F3-E91F2CAC469B}.Debug|Any CPU.Build.0 = Debug|Any CPU
		{AF16F645-4FAA-482C-A1F3-E91F2CAC469B}.Release|Any CPU.ActiveCfg = Release|Any CPU
		{AF16F645-4FAA-482C-A1F3-E91F2CAC469B}.Release|Any CPU.Build.0 = Release|Any CPU
		{94F681BB-D01F-4AF5-AF3A-9350D9144397}.Debug|Any CPU.ActiveCfg = Debug|Any CPU
		{94F681BB-D01F-4AF5-AF3A-9350D9144397}.Debug|Any CPU.Build.0 = Debug|Any CPU
		{94F681BB-D01F-4AF5-AF3A-9350D9144397}.Release|Any CPU.ActiveCfg = Release|Any CPU
		{94F681BB-D01F-4AF5-AF3A-9350D9144397}.Release|Any CPU.Build.0 = Release|Any CPU
		{61382156-B9E9-449B-A466-94D20E83BF33}.Debug|Any CPU.ActiveCfg = Debug|Any CPU
		{61382156-B9E9-449B-A466-94D20E83BF33}.Debug|Any CPU.Build.0 = Debug|Any CPU
		{61382156-B9E9-449B-A466-94D20E83BF33}.Release|Any CPU.ActiveCfg = Release|Any CPU
		{61382156-B9E9-449B-A466-94D20E83BF33}.Release|Any CPU.Build.0 = Release|Any CPU
		{8300C5B8-9A6B-4A3A-BA4A-C1E78CF3B0BE}.Debug|Any CPU.ActiveCfg = Debug|Any CPU
		{8300C5B8-9A6B-4A3A-BA4A-C1E78CF3B0BE}.Debug|Any CPU.Build.0 = Debug|Any CPU
		{8300C5B8-9A6B-4A3A-BA4A-C1E78CF3B0BE}.Release|Any CPU.ActiveCfg = Release|Any CPU
		{8300C5B8-9A6B-4A3A-BA4A-C1E78CF3B0BE}.Release|Any CPU.Build.0 = Release|Any CPU
		{67F0852E-65F6-4F4B-A172-C18986505FD0}.Debug|Any CPU.ActiveCfg = Debug|Any CPU
		{67F0852E-65F6-4F4B-A172-C18986505FD0}.Debug|Any CPU.Build.0 = Debug|Any CPU
		{67F0852E-65F6-4F4B-A172-C18986505FD0}.Release|Any CPU.ActiveCfg = Release|Any CPU
		{67F0852E-65F6-4F4B-A172-C18986505FD0}.Release|Any CPU.Build.0 = Release|Any CPU
	EndGlobalSection
	GlobalSection(SolutionProperties) = preSolution
		HideSolutionNode = FALSE
	EndGlobalSection
	GlobalSection(ExtensibilityGlobals) = postSolution
		SolutionGuid = {C95A598B-CD59-4F8F-BB5C-702739075BF7}
	EndGlobalSection
EndGlobal
