
Microsoft Visual Studio Solution File, Format Version 12.00
# Visual Studio Version 16
VisualStudioVersion = 16.0.31205.134
MinimumVisualStudioVersion = 10.0.40219.1
Project("{9A19103F-16F7-4668-BE54-9A1E7A4F7556}") = "ClassTestApp", "ClassTestApp\ClassTestApp.csproj", "{0F0F6B2A-2A14-47B7-927F-C5AC3A69FC93}"
EndProject
Project("{9A19103F-16F7-4668-BE54-9A1E7A4F7556}") = "InterfaceTestApp", "InterfaceTestApp\InterfaceTestApp.csproj", "{9622D322-CC82-449A-BF8A-E94E7FB68D0D}"
EndProject
Project("{9A19103F-16F7-4668-BE54-9A1E7A4F7556}") = "UsingInterfaceTestApp", "UsingInterfaceTestApp\UsingInterfaceTestApp.csproj", "{2274CDF9-B58A-4553-AC92-1CB84DE14392}"
EndProject
Project("{FAE04EC0-301F-11D3-BF4B-00C04F79EFBC}") = "AbstractClassTestApp", "MainApp1\AbstractClassTestApp.csproj", "{27F60C8F-DE52-4F6D-BCF9-3EE23A25B813}"
EndProject
Project("{FAE04EC0-301F-11D3-BF4B-00C04F79EFBC}") = "PropertyTestApp", "PropertyTestApp\PropertyTestApp.csproj", "{34E72ECD-6F21-4B33-92E1-16096AF1DCF0}"
EndProject
Project("{FAE04EC0-301F-11D3-BF4B-00C04F79EFBC}") = "AttayTestApp", "AttayTestApp\AttayTestApp.csproj", "{6D9DA6E0-DDFE-419C-A47B-30FA1232EF6E}"
EndProject
Project("{FAE04EC0-301F-11D3-BF4B-00C04F79EFBC}") = "ArrayClassTestApp", "ArrayClassTestApp\ArrayClassTestApp.csproj", "{E641B64C-187C-4B66-B284-62AC59087035}"
EndProject
Project("{FAE04EC0-301F-11D3-BF4B-00C04F79EFBC}") = "CollectionTestApp", "CollectionTestApp\CollectionTestApp.csproj", "{C4E0F262-1103-431F-8252-86BCBFFA8E94}"
EndProject
Project("{FAE04EC0-301F-11D3-BF4B-00C04F79EFBC}") = "QueueTestApp", "QueueTestApp\QueueTestApp.csproj", "{84A8D024-53E2-49CB-A1C7-AF587B69A9D1}"
EndProject
Global
	GlobalSection(SolutionConfigurationPlatforms) = preSolution
		Debug|Any CPU = Debug|Any CPU
		Release|Any CPU = Release|Any CPU
	EndGlobalSection
	GlobalSection(ProjectConfigurationPlatforms) = postSolution
		{0F0F6B2A-2A14-47B7-927F-C5AC3A69FC93}.Debug|Any CPU.ActiveCfg = Debug|Any CPU
		{0F0F6B2A-2A14-47B7-927F-C5AC3A69FC93}.Debug|Any CPU.Build.0 = Debug|Any CPU
		{0F0F6B2A-2A14-47B7-927F-C5AC3A69FC93}.Release|Any CPU.ActiveCfg = Release|Any CPU
		{0F0F6B2A-2A14-47B7-927F-C5AC3A69FC93}.Release|Any CPU.Build.0 = Release|Any CPU
		{9622D322-CC82-449A-BF8A-E94E7FB68D0D}.Debug|Any CPU.ActiveCfg = Debug|Any CPU
		{9622D322-CC82-449A-BF8A-E94E7FB68D0D}.Debug|Any CPU.Build.0 = Debug|Any CPU
		{9622D322-CC82-449A-BF8A-E94E7FB68D0D}.Release|Any CPU.ActiveCfg = Release|Any CPU
		{9622D322-CC82-449A-BF8A-E94E7FB68D0D}.Release|Any CPU.Build.0 = Release|Any CPU
		{2274CDF9-B58A-4553-AC92-1CB84DE14392}.Debug|Any CPU.ActiveCfg = Debug|Any CPU
		{2274CDF9-B58A-4553-AC92-1CB84DE14392}.Debug|Any CPU.Build.0 = Debug|Any CPU
		{2274CDF9-B58A-4553-AC92-1CB84DE14392}.Release|Any CPU.ActiveCfg = Release|Any CPU
		{2274CDF9-B58A-4553-AC92-1CB84DE14392}.Release|Any CPU.Build.0 = Release|Any CPU
		{27F60C8F-DE52-4F6D-BCF9-3EE23A25B813}.Debug|Any CPU.ActiveCfg = Debug|Any CPU
		{27F60C8F-DE52-4F6D-BCF9-3EE23A25B813}.Debug|Any CPU.Build.0 = Debug|Any CPU
		{27F60C8F-DE52-4F6D-BCF9-3EE23A25B813}.Release|Any CPU.ActiveCfg = Release|Any CPU
		{27F60C8F-DE52-4F6D-BCF9-3EE23A25B813}.Release|Any CPU.Build.0 = Release|Any CPU
		{34E72ECD-6F21-4B33-92E1-16096AF1DCF0}.Debug|Any CPU.ActiveCfg = Debug|Any CPU
		{34E72ECD-6F21-4B33-92E1-16096AF1DCF0}.Debug|Any CPU.Build.0 = Debug|Any CPU
		{34E72ECD-6F21-4B33-92E1-16096AF1DCF0}.Release|Any CPU.ActiveCfg = Release|Any CPU
		{34E72ECD-6F21-4B33-92E1-16096AF1DCF0}.Release|Any CPU.Build.0 = Release|Any CPU
		{6D9DA6E0-DDFE-419C-A47B-30FA1232EF6E}.Debug|Any CPU.ActiveCfg = Debug|Any CPU
		{6D9DA6E0-DDFE-419C-A47B-30FA1232EF6E}.Debug|Any CPU.Build.0 = Debug|Any CPU
		{6D9DA6E0-DDFE-419C-A47B-30FA1232EF6E}.Release|Any CPU.ActiveCfg = Release|Any CPU
		{6D9DA6E0-DDFE-419C-A47B-30FA1232EF6E}.Release|Any CPU.Build.0 = Release|Any CPU
		{E641B64C-187C-4B66-B284-62AC59087035}.Debug|Any CPU.ActiveCfg = Debug|Any CPU
		{E641B64C-187C-4B66-B284-62AC59087035}.Debug|Any CPU.Build.0 = Debug|Any CPU
		{E641B64C-187C-4B66-B284-62AC59087035}.Release|Any CPU.ActiveCfg = Release|Any CPU
		{E641B64C-187C-4B66-B284-62AC59087035}.Release|Any CPU.Build.0 = Release|Any CPU
		{C4E0F262-1103-431F-8252-86BCBFFA8E94}.Debug|Any CPU.ActiveCfg = Debug|Any CPU
		{C4E0F262-1103-431F-8252-86BCBFFA8E94}.Debug|Any CPU.Build.0 = Debug|Any CPU
		{C4E0F262-1103-431F-8252-86BCBFFA8E94}.Release|Any CPU.ActiveCfg = Release|Any CPU
		{C4E0F262-1103-431F-8252-86BCBFFA8E94}.Release|Any CPU.Build.0 = Release|Any CPU
		{84A8D024-53E2-49CB-A1C7-AF587B69A9D1}.Debug|Any CPU.ActiveCfg = Debug|Any CPU
		{84A8D024-53E2-49CB-A1C7-AF587B69A9D1}.Debug|Any CPU.Build.0 = Debug|Any CPU
		{84A8D024-53E2-49CB-A1C7-AF587B69A9D1}.Release|Any CPU.ActiveCfg = Release|Any CPU
		{84A8D024-53E2-49CB-A1C7-AF587B69A9D1}.Release|Any CPU.Build.0 = Release|Any CPU
	EndGlobalSection
	GlobalSection(SolutionProperties) = preSolution
		HideSolutionNode = FALSE
	EndGlobalSection
	GlobalSection(ExtensibilityGlobals) = postSolution
		SolutionGuid = {C95A598B-CD59-4F8F-BB5C-702739075BF7}
	EndGlobalSection
EndGlobal
