
Microsoft Visual Studio Solution File, Format Version 12.00
# Visual Studio Version 16
VisualStudioVersion = 16.0.31205.134
MinimumVisualStudioVersion = 10.0.40219.1
Project("{9A19103F-16F7-4668-BE54-9A1E7A4F7556}") = "ClassTestApp", "ClassTestApp\ClassTestApp.csproj", "{0F0F6B2A-2A14-47B7-927F-C5AC3A69FC93}"
EndProject
Project("{FAE04EC0-301F-11D3-BF4B-00C04F79EFBC}") = "InterfaceTestApp", "InterfaceTestApp\InterfaceTestApp.csproj", "{9622D322-CC82-449A-BF8A-E94E7FB68D0D}"
EndProject
Project("{FAE04EC0-301F-11D3-BF4B-00C04F79EFBC}") = "UsingInterfaceTestApp", "UsingInterfaceTestApp\UsingInterfaceTestApp.csproj", "{2274CDF9-B58A-4553-AC92-1CB84DE14392}"
EndProject
Global
	GlobalSection(SolutionConfigurationPlatforms) = preSolution
		Debug|Any CPU = Debug|Any CPU
		Release|Any CPU = Release|Any CPU
	EndGlobalSection
	GlobalSection(ProjectConfigurationPlatforms) = postSolution
		{0F0F6B2A-2A14-47B7-927F-C5AC3A69FC93}.Debug|Any CPU.ActiveCfg = Debug|Any CPU
		{0F0F6B2A-2A14-47B7-927F-C5AC3A69FC93}.Debug|Any CPU.Build.0 = Debug|Any CPU
		{0F0F6B2A-2A14-47B7-927F-C5AC3A69FC93}.Release|Any CPU.ActiveCfg = Release|Any CPU
		{0F0F6B2A-2A14-47B7-927F-C5AC3A69FC93}.Release|Any CPU.Build.0 = Release|Any CPU
		{9622D322-CC82-449A-BF8A-E94E7FB68D0D}.Debug|Any CPU.ActiveCfg = Debug|Any CPU
		{9622D322-CC82-449A-BF8A-E94E7FB68D0D}.Debug|Any CPU.Build.0 = Debug|Any CPU
		{9622D322-CC82-449A-BF8A-E94E7FB68D0D}.Release|Any CPU.ActiveCfg = Release|Any CPU
		{9622D322-CC82-449A-BF8A-E94E7FB68D0D}.Release|Any CPU.Build.0 = Release|Any CPU
		{2274CDF9-B58A-4553-AC92-1CB84DE14392}.Debug|Any CPU.ActiveCfg = Debug|Any CPU
		{2274CDF9-B58A-4553-AC92-1CB84DE14392}.Debug|Any CPU.Build.0 = Debug|Any CPU
		{2274CDF9-B58A-4553-AC92-1CB84DE14392}.Release|Any CPU.ActiveCfg = Release|Any CPU
		{2274CDF9-B58A-4553-AC92-1CB84DE14392}.Release|Any CPU.Build.0 = Release|Any CPU
	EndGlobalSection
	GlobalSection(SolutionProperties) = preSolution
		HideSolutionNode = FALSE
	EndGlobalSection
	GlobalSection(ExtensibilityGlobals) = postSolution
		SolutionGuid = {C95A598B-CD59-4F8F-BB5C-702739075BF7}
	EndGlobalSection
EndGlobal
